lockfileVersion: '9.0'

settings:
  autoInstallPeers: true
  excludeLinksFromLockfile: false

importers:

  .:
    dependencies:
      node-graphviz:
        specifier: ^0.1.1
        version: 0.1.1
      tree-sitter:
        specifier: 0.21.1
        version: 0.21.1
    devDependencies:
      '@types/node':
        specifier: ^22.8.7
        version: 22.8.7
      tree-sitter-cpp:
        specifier: ^0.23.1
        version: 0.23.1(tree-sitter@0.21.1)
      typescript:
        specifier: ^5.6.3
        version: 5.6.3

packages:

  '@types/node@22.8.7':
    resolution: {integrity: sha512-LidcG+2UeYIWcMuMUpBKOnryBWG/rnmOHQR5apjn8myTQcx3rinFRn7DcIFhMnS0PPFSC6OafdIKEad0lj6U0Q==}

  node-addon-api@8.2.1:
    resolution: {integrity: sha512-vmEOvxwiH8tlOcv4SyE8RH34rI5/nWVaigUeAUPawC6f0+HoDthwI0vkMu4tbtsZrXq6QXFfrkhjofzKEs5tpA==}
    engines: {node: ^18 || ^20 || >= 21}

  node-graphviz@0.1.1:
    resolution: {integrity: sha512-riY8/pFGSD1ipmyzqCwuN2M6W02ELfuLDjhJvTrQCUS/15tyU8ExkC96mlQrNLBK8Ws0z8PdH+ChBT6DuPFWWA==}

  node-gyp-build@4.8.2:
    resolution: {integrity: sha512-IRUxE4BVsHWXkV/SFOut4qTlagw2aM8T5/vnTsmrHJvVoKueJHRc/JaFND7QDDc61kLYUJ6qlZM3sqTSyx2dTw==}
    hasBin: true

  tree-sitter-cpp@0.23.1:
    resolution: {integrity: sha512-t0+Lp5TbNgPtrcME/N0MQg8lH9jNtED3EeOVsiodoSVHFHMIYNv1VpQwJ6ZC+Phyi3l4qY/0RfLExKDUv/y9AA==}
    peerDependencies:
      tree-sitter: ^0.21.1
    peerDependenciesMeta:
      tree-sitter:
        optional: true

  tree-sitter@0.21.1:
    resolution: {integrity: sha512-7dxoA6kYvtgWw80265MyqJlkRl4yawIjO7S5MigytjELkX43fV2WsAXzsNfO7sBpPPCF5Gp0+XzHk0DwLCq3xQ==}

  typescript@5.6.3:
    resolution: {integrity: sha512-hjcS1mhfuyi4WW8IWtjP7brDrG2cuDZukyrYrSauoXGNgx0S7zceP07adYkJycEr56BOUTNPzbInooiN3fn1qw==}
    engines: {node: '>=14.17'}
    hasBin: true

  undici-types@6.19.8:
    resolution: {integrity: sha512-ve2KP6f/JnbPBFyobGHuerC9g1FYGn/F8n1LWTwNxCEzd6IfqTwUQcNXgEtmmQ6DlRrC1hrSrBnCZPokRrDHjw==}

snapshots:

  '@types/node@22.8.7':
    dependencies:
      undici-types: 6.19.8

  node-addon-api@8.2.1: {}

  node-graphviz@0.1.1: {}

  node-gyp-build@4.8.2: {}

  tree-sitter-cpp@0.23.1(tree-sitter@0.21.1):
    dependencies:
      node-addon-api: 8.2.1
      node-gyp-build: 4.8.2
    optionalDependencies:
      tree-sitter: 0.21.1

  tree-sitter@0.21.1:
    dependencies:
      node-addon-api: 8.2.1
      node-gyp-build: 4.8.2

  typescript@5.6.3: {}

  undici-types@6.19.8: {}
